Microsoft Visual Studio Solution File, Format Version 12.00
# Visual Studio 14
VisualStudioVersion = 14.0.23107.0
MinimumVisualStudioVersion = 10.0.40219.1
Project("{FAE04EC0-301F-11D3-BF4B-00C04F79EFBC}") = "tik4net", "tik4net\tik4net.csproj", "{15288F76-5A85-418E-87B2-B22265726601}"
EndProject
Project("{2150E333-8FDC-42A3-9474-1A3956D46DE8}") = "examples", "examples", "{0436FBF0-DA39-41EC-B052-255BCA0DC913}"
EndProject
Project("{FAE04EC0-301F-11D3-BF4B-00C04F79EFBC}") = "tik4net.examples", "tik4net.examples\tik4net.examples.csproj", "{07A7C449-8593-4375-8659-AB902C55FF36}"
EndProject
Project("{FAE04EC0-301F-11D3-BF4B-00C04F79EFBC}") = "tik4net.objects", "tik4net.objects\tik4net.objects.csproj", "{DD32E354-19C0-4992-902B-9CDD8E53E879}"
EndProject
Project("{FAE04EC0-301F-11D3-BF4B-00C04F79EFBC}") = "tik4net.console", "tik4net.console\tik4net.console.csproj", "{2DAABB3C-E415-481E-AC71-F637BCC7927D}"
EndProject
Global
	GlobalSection(SolutionConfigurationPlatforms) = preSolution
		Debug|Any CPU = Debug|Any CPU
		Release|Any CPU = Release|Any CPU
	EndGlobalSection
	GlobalSection(ProjectConfigurationPlatforms) = postSolution
		{15288F76-5A85-418E-87B2-B22265726601}.Debug|Any CPU.ActiveCfg = Debug|Any CPU
		{15288F76-5A85-418E-87B2-B22265726601}.Debug|Any CPU.Build.0 = Debug|Any CPU
		{15288F76-5A85-418E-87B2-B22265726601}.Release|Any CPU.ActiveCfg = Release|Any CPU
		{15288F76-5A85-418E-87B2-B22265726601}.Release|Any CPU.Build.0 = Release|Any CPU
		{07A7C449-8593-4375-8659-AB902C55FF36}.Debug|Any CPU.ActiveCfg = Debug|Any CPU
		{07A7C449-8593-4375-8659-AB902C55FF36}.Debug|Any CPU.Build.0 = Debug|Any CPU
		{07A7C449-8593-4375-8659-AB902C55FF36}.Release|Any CPU.ActiveCfg = Release|Any CPU
		{07A7C449-8593-4375-8659-AB902C55FF36}.Release|Any CPU.Build.0 = Release|Any CPU
		{DD32E354-19C0-4992-902B-9CDD8E53E879}.Debug|Any CPU.ActiveCfg = Debug|Any CPU
		{DD32E354-19C0-4992-902B-9CDD8E53E879}.Debug|Any CPU.Build.0 = Debug|Any CPU
		{DD32E354-19C0-4992-902B-9CDD8E53E879}.Release|Any CPU.ActiveCfg = Release|Any CPU
		{DD32E354-19C0-4992-902B-9CDD8E53E879}.Release|Any CPU.Build.0 = Release|Any CPU
		{2DAABB3C-E415-481E-AC71-F637BCC7927D}.Debug|Any CPU.ActiveCfg = Debug|Any CPU
		{2DAABB3C-E415-481E-AC71-F637BCC7927D}.Debug|Any CPU.Build.0 = Debug|Any CPU
		{2DAABB3C-E415-481E-AC71-F637BCC7927D}.Release|Any CPU.ActiveCfg = Release|Any CPU
		{2DAABB3C-E415-481E-AC71-F637BCC7927D}.Release|Any CPU.Build.0 = Release|Any CPU
	EndGlobalSection
	GlobalSection(SolutionProperties) = preSolution
		HideSolutionNode = FALSE
	EndGlobalSection
	GlobalSection(NestedProjects) = preSolution
		{07A7C449-8593-4375-8659-AB902C55FF36} = {0436FBF0-DA39-41EC-B052-255BCA0DC913}
		{2DAABB3C-E415-481E-AC71-F637BCC7927D} = {0436FBF0-DA39-41EC-B052-255BCA0DC913}
	EndGlobalSection
EndGlobal
