Microsoft Visual Studio Solution File, Format Version 12.00
# Visual Studio 14
VisualStudioVersion = 14.0.25420.1
MinimumVisualStudioVersion = 10.0.40219.1
Project("{FAE04EC0-301F-11D3-BF4B-00C04F79EFBC}") = "tik4net", "tik4net\tik4net.csproj", "{15288F76-5A85-418E-87B2-B22265726601}"
EndProject
Project("{2150E333-8FDC-42A3-9474-1A3956D46DE8}") = "examples", "examples", "{0436FBF0-DA39-41EC-B052-255BCA0DC913}"
EndProject
Project("{FAE04EC0-301F-11D3-BF4B-00C04F79EFBC}") = "tik4net.examples", "tik4net.examples\tik4net.examples.csproj", "{07A7C449-8593-4375-8659-AB902C55FF36}"
EndProject
Project("{FAE04EC0-301F-11D3-BF4B-00C04F79EFBC}") = "tik4net.objects", "tik4net.objects\tik4net.objects.csproj", "{DD32E354-19C0-4992-902B-9CDD8E53E879}"
EndProject
Project("{FAE04EC0-301F-11D3-BF4B-00C04F79EFBC}") = "tik4net.console", "tik4net.console\tik4net.console.csproj", "{2DAABB3C-E415-481E-AC71-F637BCC7927D}"
EndProject
Project("{FAE04EC0-301F-11D3-BF4B-00C04F79EFBC}") = "tik4net.torch", "tik4net.torch\tik4net.torch.csproj", "{AE25F73D-7CE5-4C14-8AAC-1A32ECC38DA5}"
EndProject
Project("{2150E333-8FDC-42A3-9474-1A3956D46DE8}") = "Solution Items", "Solution Items", "{7B14F760-B710-4DE6-9204-7CED5F9B30E7}"
	ProjectSection(SolutionItems) = preProject
		CreateRelease.bat = CreateRelease.bat
		LICENSE = LICENSE
		README.md = README.md
	EndProjectSection
EndProject
Project("{FAE04EC0-301F-11D3-BF4B-00C04F79EFBC}") = "tik4net.tests", "tik4net.tests\tik4net.tests.csproj", "{2FB8E75F-9F49-4A8A-BC57-7CD299807EEE}"
EndProject
Global
	GlobalSection(SolutionConfigurationPlatforms) = preSolution
		Debug|Any CPU = Debug|Any CPU
		Debug|x86 = Debug|x86
		Release|Any CPU = Release|Any CPU
		Release|x86 = Release|x86
	EndGlobalSection
	GlobalSection(ProjectConfigurationPlatforms) = postSolution
		{15288F76-5A85-418E-87B2-B22265726601}.Debug|Any CPU.ActiveCfg = Debug|Any CPU
		{15288F76-5A85-418E-87B2-B22265726601}.Debug|Any CPU.Build.0 = Debug|Any CPU
		{15288F76-5A85-418E-87B2-B22265726601}.Debug|x86.ActiveCfg = Debug|Any CPU
		{15288F76-5A85-418E-87B2-B22265726601}.Debug|x86.Build.0 = Debug|Any CPU
		{15288F76-5A85-418E-87B2-B22265726601}.Release|Any CPU.ActiveCfg = Release|Any CPU
		{15288F76-5A85-418E-87B2-B22265726601}.Release|Any CPU.Build.0 = Release|Any CPU
		{15288F76-5A85-418E-87B2-B22265726601}.Release|x86.ActiveCfg = Release|Any CPU
		{15288F76-5A85-418E-87B2-B22265726601}.Release|x86.Build.0 = Release|Any CPU
		{07A7C449-8593-4375-8659-AB902C55FF36}.Debug|Any CPU.ActiveCfg = Debug|Any CPU
		{07A7C449-8593-4375-8659-AB902C55FF36}.Debug|Any CPU.Build.0 = Debug|Any CPU
		{07A7C449-8593-4375-8659-AB902C55FF36}.Debug|x86.ActiveCfg = Debug|Any CPU
		{07A7C449-8593-4375-8659-AB902C55FF36}.Debug|x86.Build.0 = Debug|Any CPU
		{07A7C449-8593-4375-8659-AB902C55FF36}.Release|Any CPU.ActiveCfg = Release|Any CPU
		{07A7C449-8593-4375-8659-AB902C55FF36}.Release|Any CPU.Build.0 = Release|Any CPU
		{07A7C449-8593-4375-8659-AB902C55FF36}.Release|x86.ActiveCfg = Release|Any CPU
		{07A7C449-8593-4375-8659-AB902C55FF36}.Release|x86.Build.0 = Release|Any CPU
		{DD32E354-19C0-4992-902B-9CDD8E53E879}.Debug|Any CPU.ActiveCfg = Debug|Any CPU
		{DD32E354-19C0-4992-902B-9CDD8E53E879}.Debug|Any CPU.Build.0 = Debug|Any CPU
		{DD32E354-19C0-4992-902B-9CDD8E53E879}.Debug|x86.ActiveCfg = Debug|Any CPU
		{DD32E354-19C0-4992-902B-9CDD8E53E879}.Debug|x86.Build.0 = Debug|Any CPU
		{DD32E354-19C0-4992-902B-9CDD8E53E879}.Release|Any CPU.ActiveCfg = Release|Any CPU
		{DD32E354-19C0-4992-902B-9CDD8E53E879}.Release|Any CPU.Build.0 = Release|Any CPU
		{DD32E354-19C0-4992-902B-9CDD8E53E879}.Release|x86.ActiveCfg = Release|Any CPU
		{DD32E354-19C0-4992-902B-9CDD8E53E879}.Release|x86.Build.0 = Release|Any CPU
		{2DAABB3C-E415-481E-AC71-F637BCC7927D}.Debug|Any CPU.ActiveCfg = Debug|Any CPU
		{2DAABB3C-E415-481E-AC71-F637BCC7927D}.Debug|Any CPU.Build.0 = Debug|Any CPU
		{2DAABB3C-E415-481E-AC71-F637BCC7927D}.Debug|x86.ActiveCfg = Debug|Any CPU
		{2DAABB3C-E415-481E-AC71-F637BCC7927D}.Debug|x86.Build.0 = Debug|Any CPU
		{2DAABB3C-E415-481E-AC71-F637BCC7927D}.Release|Any CPU.ActiveCfg = Release|Any CPU
		{2DAABB3C-E415-481E-AC71-F637BCC7927D}.Release|Any CPU.Build.0 = Release|Any CPU
		{2DAABB3C-E415-481E-AC71-F637BCC7927D}.Release|x86.ActiveCfg = Release|Any CPU
		{2DAABB3C-E415-481E-AC71-F637BCC7927D}.Release|x86.Build.0 = Release|Any CPU
		{AE25F73D-7CE5-4C14-8AAC-1A32ECC38DA5}.Debug|Any CPU.ActiveCfg = Debug|Any CPU
		{AE25F73D-7CE5-4C14-8AAC-1A32ECC38DA5}.Debug|Any CPU.Build.0 = Debug|Any CPU
		{AE25F73D-7CE5-4C14-8AAC-1A32ECC38DA5}.Debug|x86.ActiveCfg = Debug|Any CPU
		{AE25F73D-7CE5-4C14-8AAC-1A32ECC38DA5}.Debug|x86.Build.0 = Debug|Any CPU
		{AE25F73D-7CE5-4C14-8AAC-1A32ECC38DA5}.Release|Any CPU.ActiveCfg = Release|Any CPU
		{AE25F73D-7CE5-4C14-8AAC-1A32ECC38DA5}.Release|Any CPU.Build.0 = Release|Any CPU
		{AE25F73D-7CE5-4C14-8AAC-1A32ECC38DA5}.Release|x86.ActiveCfg = Release|Any CPU
		{AE25F73D-7CE5-4C14-8AAC-1A32ECC38DA5}.Release|x86.Build.0 = Release|Any CPU
		{2FB8E75F-9F49-4A8A-BC57-7CD299807EEE}.Debug|Any CPU.ActiveCfg = Debug|Any CPU
		{2FB8E75F-9F49-4A8A-BC57-7CD299807EEE}.Debug|Any CPU.Build.0 = Debug|Any CPU
		{2FB8E75F-9F49-4A8A-BC57-7CD299807EEE}.Debug|x86.ActiveCfg = Debug|Any CPU
		{2FB8E75F-9F49-4A8A-BC57-7CD299807EEE}.Debug|x86.Build.0 = Debug|Any CPU
		{2FB8E75F-9F49-4A8A-BC57-7CD299807EEE}.Release|Any CPU.ActiveCfg = Release|Any CPU
		{2FB8E75F-9F49-4A8A-BC57-7CD299807EEE}.Release|Any CPU.Build.0 = Release|Any CPU
		{2FB8E75F-9F49-4A8A-BC57-7CD299807EEE}.Release|x86.ActiveCfg = Release|Any CPU
		{2FB8E75F-9F49-4A8A-BC57-7CD299807EEE}.Release|x86.Build.0 = Release|Any CPU
	EndGlobalSection
	GlobalSection(SolutionProperties) = preSolution
		HideSolutionNode = FALSE
	EndGlobalSection
	GlobalSection(NestedProjects) = preSolution
		{07A7C449-8593-4375-8659-AB902C55FF36} = {0436FBF0-DA39-41EC-B052-255BCA0DC913}
		{2DAABB3C-E415-481E-AC71-F637BCC7927D} = {0436FBF0-DA39-41EC-B052-255BCA0DC913}
		{AE25F73D-7CE5-4C14-8AAC-1A32ECC38DA5} = {0436FBF0-DA39-41EC-B052-255BCA0DC913}
		{2FB8E75F-9F49-4A8A-BC57-7CD299807EEE} = {0436FBF0-DA39-41EC-B052-255BCA0DC913}
	EndGlobalSection
EndGlobal
